
Microsoft Visual Studio Solution File, Format Version 12.00
# Visual Studio Version 17
VisualStudioVersion = 17.3.32819.101
MinimumVisualStudioVersion = 10.0.40219.1
Project("{FAE04EC0-301F-11D3-BF4B-00C04F79EFBC}") = "YzNgin", "YzNgin\YzNgin.csproj", "{85BAFC75-D29D-4B95-8DCD-A80843C794D4}"
EndProject
Project("{FAE04EC0-301F-11D3-BF4B-00C04F79EFBC}") = "YzNgin.Demo", "YzNgin.Demo\YzNgin.Demo.csproj", "{9E77D293-24D7-4ECD-BB6F-B0602D8A4E41}"
EndProject
Global
	GlobalSection(SolutionConfigurationPlatforms) = preSolution
		Debug|Any CPU = Debug|Any CPU
		Release|Any CPU = Release|Any CPU
	EndGlobalSection
	GlobalSection(ProjectConfigurationPlatforms) = postSolution
		{85BAFC75-D29D-4B95-8DCD-A80843C794D4}.Debug|Any CPU.ActiveCfg = Debug|Any CPU
		{85BAFC75-D29D-4B95-8DCD-A80843C794D4}.Debug|Any CPU.Build.0 = Debug|Any CPU
		{85BAFC75-D29D-4B95-8DCD-A80843C794D4}.Release|Any CPU.ActiveCfg = Release|Any CPU
		{85BAFC75-D29D-4B95-8DCD-A80843C794D4}.Release|Any CPU.Build.0 = Release|Any CPU
		{9E77D293-24D7-4ECD-BB6F-B0602D8A4E41}.Debug|Any CPU.ActiveCfg = Debug|Any CPU
		{9E77D293-24D7-4ECD-BB6F-B0602D8A4E41}.Debug|Any CPU.Build.0 = Debug|Any CPU
		{9E77D293-24D7-4ECD-BB6F-B0602D8A4E41}.Release|Any CPU.ActiveCfg = Release|Any CPU
		{9E77D293-24D7-4ECD-BB6F-B0602D8A4E41}.Release|Any CPU.Build.0 = Release|Any CPU
	EndGlobalSection
	GlobalSection(SolutionProperties) = preSolution
		HideSolutionNode = FALSE
	EndGlobalSection
	GlobalSection(ExtensibilityGlobals) = postSolution
		SolutionGuid = {282E18CC-054F-48DC-A174-5E6D2C6C5199}
	EndGlobalSection
EndGlobal
